
Microsoft Visual Studio Solution File, Format Version 12.00
# Visual Studio 2013
VisualStudioVersion = 12.0.40629.0
MinimumVisualStudioVersion = 10.0.40219.1
Project("{FAE04EC0-301F-11D3-BF4B-00C04F79EFBC}") = "httpClient", "httpClient\httpClient.csproj", "{DAFD1DFE-26A7-4896-909B-FBCB56793FA3}"
EndProject
Global
	GlobalSection(SolutionConfigurationPlatforms) = preSolution
		Debug|Any CPU = Debug|Any CPU
		Release|Any CPU = Release|Any CPU
	EndGlobalSection
	GlobalSection(ProjectConfigurationPlatforms) = postSolution
		{DAFD1DFE-26A7-4896-909B-FBCB56793FA3}.Debug|Any CPU.ActiveCfg = Debug|Any CPU
		{DAFD1DFE-26A7-4896-909B-FBCB56793FA3}.Debug|Any CPU.Build.0 = Debug|Any CPU
		{DAFD1DFE-26A7-4896-909B-FBCB56793FA3}.Release|Any CPU.ActiveCfg = Release|Any CPU
		{DAFD1DFE-26A7-4896-909B-FBCB56793FA3}.Release|Any CPU.Build.0 = Release|Any CPU
	EndGlobalSection
	GlobalSection(SolutionProperties) = preSolution
		HideSolutionNode = FALSE
	EndGlobalSection
EndGlobal
